
Microsoft Visual Studio Solution File, Format Version 12.00
# Visual Studio Version 17
VisualStudioVersion = 17.0.31710.8
MinimumVisualStudioVersion = 10.0.40219.1
Project("{2150E333-8FDC-42A3-9474-1A3956D46DE8}") = "src", "src", "{08EDDADF-2AB7-4133-9C32-90C04BAF0571}"
EndProject
Project("{2150E333-8FDC-42A3-9474-1A3956D46DE8}") = "tests", "tests", "{D6F09ADA-7EC8-4A93-A491-F4E10BFE491A}"
EndProject
Project("{9A19103F-16F7-4668-BE54-9A1E7A4F7556}") = "MadaniOstad.WebApi", "src\MadaniOstad.WebApi\MadaniOstad.WebApi.csproj", "{3F2726FF-9B8E-47DF-8043-90427FE09F57}"
EndProject
Project("{9A19103F-16F7-4668-BE54-9A1E7A4F7556}") = "MadaniOstad.Common", "src\MadaniOstad.Common\MadaniOstad.Common.csproj", "{D1AE4A90-2B6A-4C67-8C7A-7DBF8CB1B98F}"
EndProject
Project("{9A19103F-16F7-4668-BE54-9A1E7A4F7556}") = "MadaniOstad.Entities", "src\MadaniOstad.Entities\MadaniOstad.Entities.csproj", "{1541644A-0DAD-4098-AD42-109949BD90D7}"
EndProject
Project("{9A19103F-16F7-4668-BE54-9A1E7A4F7556}") = "MadaniOstad.DataAccessLayer", "src\MadaniOstad.DataAccessLayer\MadaniOstad.DataAccessLayer.csproj", "{343D857C-FC8F-40AB-ACEC-F30E13E54B72}"
EndProject
Project("{9A19103F-16F7-4668-BE54-9A1E7A4F7556}") = "MadaniOstad.Services", "src\MadaniOstad.Services\MadaniOstad.Services.csproj", "{FCD32F0D-DA92-45D9-813C-DB7DF713B374}"
EndProject
Project("{9A19103F-16F7-4668-BE54-9A1E7A4F7556}") = "MadaniOstad.IocConfig", "src\MadaniOstad.IocConfig\MadaniOstad.IocConfig.csproj", "{6E8D9DBD-92A4-4DFD-8A63-37AB28459973}"
EndProject
Project("{9A19103F-16F7-4668-BE54-9A1E7A4F7556}") = "MadaniOstad.UnitTests", "tests\MadaniOstad.UnitTests\MadaniOstad.UnitTests.csproj", "{79BD9CA7-1CA8-4F82-9F3F-A83DA87E39B5}"
EndProject
Project("{9A19103F-16F7-4668-BE54-9A1E7A4F7556}") = "MadaniOstad.IntegrationTests", "tests\MadaniOstad.IntegrationTests\MadaniOstad.IntegrationTests.csproj", "{59E8255F-612F-47C4-A890-51A9F1686A20}"
EndProject
Project("{2150E333-8FDC-42A3-9474-1A3956D46DE8}") = "mobile", "mobile", "{1BA640C1-56A7-4F14-A2F3-F7827B1EA037}"
EndProject
Project("{FAE04EC0-301F-11D3-BF4B-00C04F79EFBC}") = "MadaniOstad.Mobile.UWP", "src\MadaniOstad.Mobile\MadaniOstad.Mobile.UWP\MadaniOstad.Mobile.UWP.csproj", "{A22BCBD8-1476-4D7F-9FE5-7053E18AB650}"
EndProject
Project("{FAE04EC0-301F-11D3-BF4B-00C04F79EFBC}") = "MadaniOstad.Mobile.Android", "src\MadaniOstad.Mobile\MadaniOstad.Mobile.Android\MadaniOstad.Mobile.Android.csproj", "{C95EABD3-F5A2-47B7-9F60-35D4D9126886}"
EndProject
Project("{FAE04EC0-301F-11D3-BF4B-00C04F79EFBC}") = "MadaniOstad.Mobile.iOS", "src\MadaniOstad.Mobile\MadaniOstad.Mobile.iOS\MadaniOstad.Mobile.iOS.csproj", "{86515E3C-BA36-46B1-9D9C-44BC984BA809}"
EndProject
Project("{9A19103F-16F7-4668-BE54-9A1E7A4F7556}") = "MadaniOstad.Mobile", "src\MadaniOstad.Mobile\MadaniOstad.Mobile\MadaniOstad.Mobile.csproj", "{DF673C3E-0841-49CC-BE31-8743F4EFBFC6}"
EndProject
Global
	GlobalSection(SolutionConfigurationPlatforms) = preSolution
		Debug|Any CPU = Debug|Any CPU
		Debug|ARM = Debug|ARM
		Debug|iPhone = Debug|iPhone
		Debug|iPhoneSimulator = Debug|iPhoneSimulator
		Debug|x64 = Debug|x64
		Debug|x86 = Debug|x86
		Release|Any CPU = Release|Any CPU
		Release|ARM = Release|ARM
		Release|iPhone = Release|iPhone
		Release|iPhoneSimulator = Release|iPhoneSimulator
		Release|x64 = Release|x64
		Release|x86 = Release|x86
	EndGlobalSection
	GlobalSection(ProjectConfigurationPlatforms) = postSolution
		{3F2726FF-9B8E-47DF-8043-90427FE09F57}.Debug|Any CPU.ActiveCfg = Debug|Any CPU
		{3F2726FF-9B8E-47DF-8043-90427FE09F57}.Debug|Any CPU.Build.0 = Debug|Any CPU
		{3F2726FF-9B8E-47DF-8043-90427FE09F57}.Debug|ARM.ActiveCfg = Debug|Any CPU
		{3F2726FF-9B8E-47DF-8043-90427FE09F57}.Debug|ARM.Build.0 = Debug|Any CPU
		{3F2726FF-9B8E-47DF-8043-90427FE09F57}.Debug|iPhone.ActiveCfg = Debug|Any CPU
		{3F2726FF-9B8E-47DF-8043-90427FE09F57}.Debug|iPhone.Build.0 = Debug|Any CPU
		{3F2726FF-9B8E-47DF-8043-90427FE09F57}.Debug|iPhoneSimulator.ActiveCfg = Debug|Any CPU
		{3F2726FF-9B8E-47DF-8043-90427FE09F57}.Debug|iPhoneSimulator.Build.0 = Debug|Any CPU
		{3F2726FF-9B8E-47DF-8043-90427FE09F57}.Debug|x64.ActiveCfg = Debug|Any CPU
		{3F2726FF-9B8E-47DF-8043-90427FE09F57}.Debug|x64.Build.0 = Debug|Any CPU
		{3F2726FF-9B8E-47DF-8043-90427FE09F57}.Debug|x86.ActiveCfg = Debug|Any CPU
		{3F2726FF-9B8E-47DF-8043-90427FE09F57}.Debug|x86.Build.0 = Debug|Any CPU
		{3F2726FF-9B8E-47DF-8043-90427FE09F57}.Release|Any CPU.ActiveCfg = Release|Any CPU
		{3F2726FF-9B8E-47DF-8043-90427FE09F57}.Release|Any CPU.Build.0 = Release|Any CPU
		{3F2726FF-9B8E-47DF-8043-90427FE09F57}.Release|ARM.ActiveCfg = Release|Any CPU
		{3F2726FF-9B8E-47DF-8043-90427FE09F57}.Release|ARM.Build.0 = Release|Any CPU
		{3F2726FF-9B8E-47DF-8043-90427FE09F57}.Release|iPhone.ActiveCfg = Release|Any CPU
		{3F2726FF-9B8E-47DF-8043-90427FE09F57}.Release|iPhone.Build.0 = Release|Any CPU
		{3F2726FF-9B8E-47DF-8043-90427FE09F57}.Release|iPhoneSimulator.ActiveCfg = Release|Any CPU
		{3F2726FF-9B8E-47DF-8043-90427FE09F57}.Release|iPhoneSimulator.Build.0 = Release|Any CPU
		{3F2726FF-9B8E-47DF-8043-90427FE09F57}.Release|x64.ActiveCfg = Release|Any CPU
		{3F2726FF-9B8E-47DF-8043-90427FE09F57}.Release|x64.Build.0 = Release|Any CPU
		{3F2726FF-9B8E-47DF-8043-90427FE09F57}.Release|x86.ActiveCfg = Release|Any CPU
		{3F2726FF-9B8E-47DF-8043-90427FE09F57}.Release|x86.Build.0 = Release|Any CPU
		{D1AE4A90-2B6A-4C67-8C7A-7DBF8CB1B98F}.Debug|Any CPU.ActiveCfg = Debug|Any CPU
		{D1AE4A90-2B6A-4C67-8C7A-7DBF8CB1B98F}.Debug|Any CPU.Build.0 = Debug|Any CPU
		{D1AE4A90-2B6A-4C67-8C7A-7DBF8CB1B98F}.Debug|ARM.ActiveCfg = Debug|Any CPU
		{D1AE4A90-2B6A-4C67-8C7A-7DBF8CB1B98F}.Debug|ARM.Build.0 = Debug|Any CPU
		{D1AE4A90-2B6A-4C67-8C7A-7DBF8CB1B98F}.Debug|iPhone.ActiveCfg = Debug|Any CPU
		{D1AE4A90-2B6A-4C67-8C7A-7DBF8CB1B98F}.Debug|iPhone.Build.0 = Debug|Any CPU
		{D1AE4A90-2B6A-4C67-8C7A-7DBF8CB1B98F}.Debug|iPhoneSimulator.ActiveCfg = Debug|Any CPU
		{D1AE4A90-2B6A-4C67-8C7A-7DBF8CB1B98F}.Debug|iPhoneSimulator.Build.0 = Debug|Any CPU
		{D1AE4A90-2B6A-4C67-8C7A-7DBF8CB1B98F}.Debug|x64.ActiveCfg = Debug|Any CPU
		{D1AE4A90-2B6A-4C67-8C7A-7DBF8CB1B98F}.Debug|x64.Build.0 = Debug|Any CPU
		{D1AE4A90-2B6A-4C67-8C7A-7DBF8CB1B98F}.Debug|x86.ActiveCfg = Debug|Any CPU
		{D1AE4A90-2B6A-4C67-8C7A-7DBF8CB1B98F}.Debug|x86.Build.0 = Debug|Any CPU
		{D1AE4A90-2B6A-4C67-8C7A-7DBF8CB1B98F}.Release|Any CPU.ActiveCfg = Release|Any CPU
		{D1AE4A90-2B6A-4C67-8C7A-7DBF8CB1B98F}.Release|Any CPU.Build.0 = Release|Any CPU
		{D1AE4A90-2B6A-4C67-8C7A-7DBF8CB1B98F}.Release|ARM.ActiveCfg = Release|Any CPU
		{D1AE4A90-2B6A-4C67-8C7A-7DBF8CB1B98F}.Release|ARM.Build.0 = Release|Any CPU
		{D1AE4A90-2B6A-4C67-8C7A-7DBF8CB1B98F}.Release|iPhone.ActiveCfg = Release|Any CPU
		{D1AE4A90-2B6A-4C67-8C7A-7DBF8CB1B98F}.Release|iPhone.Build.0 = Release|Any CPU
		{D1AE4A90-2B6A-4C67-8C7A-7DBF8CB1B98F}.Release|iPhoneSimulator.ActiveCfg = Release|Any CPU
		{D1AE4A90-2B6A-4C67-8C7A-7DBF8CB1B98F}.Release|iPhoneSimulator.Build.0 = Release|Any CPU
		{D1AE4A90-2B6A-4C67-8C7A-7DBF8CB1B98F}.Release|x64.ActiveCfg = Release|Any CPU
		{D1AE4A90-2B6A-4C67-8C7A-7DBF8CB1B98F}.Release|x64.Build.0 = Release|Any CPU
		{D1AE4A90-2B6A-4C67-8C7A-7DBF8CB1B98F}.Release|x86.ActiveCfg = Release|Any CPU
		{D1AE4A90-2B6A-4C67-8C7A-7DBF8CB1B98F}.Release|x86.Build.0 = Release|Any CPU
		{1541644A-0DAD-4098-AD42-109949BD90D7}.Debug|Any CPU.ActiveCfg = Debug|Any CPU
		{1541644A-0DAD-4098-AD42-109949BD90D7}.Debug|Any CPU.Build.0 = Debug|Any CPU
		{1541644A-0DAD-4098-AD42-109949BD90D7}.Debug|ARM.ActiveCfg = Debug|Any CPU
		{1541644A-0DAD-4098-AD42-109949BD90D7}.Debug|ARM.Build.0 = Debug|Any CPU
		{1541644A-0DAD-4098-AD42-109949BD90D7}.Debug|iPhone.ActiveCfg = Debug|Any CPU
		{1541644A-0DAD-4098-AD42-109949BD90D7}.Debug|iPhone.Build.0 = Debug|Any CPU
		{1541644A-0DAD-4098-AD42-109949BD90D7}.Debug|iPhoneSimulator.ActiveCfg = Debug|Any CPU
		{1541644A-0DAD-4098-AD42-109949BD90D7}.Debug|iPhoneSimulator.Build.0 = Debug|Any CPU
		{1541644A-0DAD-4098-AD42-109949BD90D7}.Debug|x64.ActiveCfg = Debug|Any CPU
		{1541644A-0DAD-4098-AD42-109949BD90D7}.Debug|x64.Build.0 = Debug|Any CPU
		{1541644A-0DAD-4098-AD42-109949BD90D7}.Debug|x86.ActiveCfg = Debug|Any CPU
		{1541644A-0DAD-4098-AD42-109949BD90D7}.Debug|x86.Build.0 = Debug|Any CPU
		{1541644A-0DAD-4098-AD42-109949BD90D7}.Release|Any CPU.ActiveCfg = Release|Any CPU
		{1541644A-0DAD-4098-AD42-109949BD90D7}.Release|Any CPU.Build.0 = Release|Any CPU
		{1541644A-0DAD-4098-AD42-109949BD90D7}.Release|ARM.ActiveCfg = Release|Any CPU
		{1541644A-0DAD-4098-AD42-109949BD90D7}.Release|ARM.Build.0 = Release|Any CPU
		{1541644A-0DAD-4098-AD42-109949BD90D7}.Release|iPhone.ActiveCfg = Release|Any CPU
		{1541644A-0DAD-4098-AD42-109949BD90D7}.Release|iPhone.Build.0 = Release|Any CPU
		{1541644A-0DAD-4098-AD42-109949BD90D7}.Release|iPhoneSimulator.ActiveCfg = Release|Any CPU
		{1541644A-0DAD-4098-AD42-109949BD90D7}.Release|iPhoneSimulator.Build.0 = Release|Any CPU
		{1541644A-0DAD-4098-AD42-109949BD90D7}.Release|x64.ActiveCfg = Release|Any CPU
		{1541644A-0DAD-4098-AD42-109949BD90D7}.Release|x64.Build.0 = Release|Any CPU
		{1541644A-0DAD-4098-AD42-109949BD90D7}.Release|x86.ActiveCfg = Release|Any CPU
		{1541644A-0DAD-4098-AD42-109949BD90D7}.Release|x86.Build.0 = Release|Any CPU
		{343D857C-FC8F-40AB-ACEC-F30E13E54B72}.Debug|Any CPU.ActiveCfg = Debug|Any CPU
		{343D857C-FC8F-40AB-ACEC-F30E13E54B72}.Debug|Any CPU.Build.0 = Debug|Any CPU
		{343D857C-FC8F-40AB-ACEC-F30E13E54B72}.Debug|ARM.ActiveCfg = Debug|Any CPU
		{343D857C-FC8F-40AB-ACEC-F30E13E54B72}.Debug|ARM.Build.0 = Debug|Any CPU
		{343D857C-FC8F-40AB-ACEC-F30E13E54B72}.Debug|iPhone.ActiveCfg = Debug|Any CPU
		{343D857C-FC8F-40AB-ACEC-F30E13E54B72}.Debug|iPhone.Build.0 = Debug|Any CPU
		{343D857C-FC8F-40AB-ACEC-F30E13E54B72}.Debug|iPhoneSimulator.ActiveCfg = Debug|Any CPU
		{343D857C-FC8F-40AB-ACEC-F30E13E54B72}.Debug|iPhoneSimulator.Build.0 = Debug|Any CPU
		{343D857C-FC8F-40AB-ACEC-F30E13E54B72}.Debug|x64.ActiveCfg = Debug|Any CPU
		{343D857C-FC8F-40AB-ACEC-F30E13E54B72}.Debug|x64.Build.0 = Debug|Any CPU
		{343D857C-FC8F-40AB-ACEC-F30E13E54B72}.Debug|x86.ActiveCfg = Debug|Any CPU
		{343D857C-FC8F-40AB-ACEC-F30E13E54B72}.Debug|x86.Build.0 = Debug|Any CPU
		{343D857C-FC8F-40AB-ACEC-F30E13E54B72}.Release|Any CPU.ActiveCfg = Release|Any CPU
		{343D857C-FC8F-40AB-ACEC-F30E13E54B72}.Release|Any CPU.Build.0 = Release|Any CPU
		{343D857C-FC8F-40AB-ACEC-F30E13E54B72}.Release|ARM.ActiveCfg = Release|Any CPU
		{343D857C-FC8F-40AB-ACEC-F30E13E54B72}.Release|ARM.Build.0 = Release|Any CPU
		{343D857C-FC8F-40AB-ACEC-F30E13E54B72}.Release|iPhone.ActiveCfg = Release|Any CPU
		{343D857C-FC8F-40AB-ACEC-F30E13E54B72}.Release|iPhone.Build.0 = Release|Any CPU
		{343D857C-FC8F-40AB-ACEC-F30E13E54B72}.Release|iPhoneSimulator.ActiveCfg = Release|Any CPU
		{343D857C-FC8F-40AB-ACEC-F30E13E54B72}.Release|iPhoneSimulator.Build.0 = Release|Any CPU
		{343D857C-FC8F-40AB-ACEC-F30E13E54B72}.Release|x64.ActiveCfg = Release|Any CPU
		{343D857C-FC8F-40AB-ACEC-F30E13E54B72}.Release|x64.Build.0 = Release|Any CPU
		{343D857C-FC8F-40AB-ACEC-F30E13E54B72}.Release|x86.ActiveCfg = Release|Any CPU
		{343D857C-FC8F-40AB-ACEC-F30E13E54B72}.Release|x86.Build.0 = Release|Any CPU
		{FCD32F0D-DA92-45D9-813C-DB7DF713B374}.Debug|Any CPU.ActiveCfg = Debug|Any CPU
		{FCD32F0D-DA92-45D9-813C-DB7DF713B374}.Debug|Any CPU.Build.0 = Debug|Any CPU
		{FCD32F0D-DA92-45D9-813C-DB7DF713B374}.Debug|ARM.ActiveCfg = Debug|Any CPU
		{FCD32F0D-DA92-45D9-813C-DB7DF713B374}.Debug|ARM.Build.0 = Debug|Any CPU
		{FCD32F0D-DA92-45D9-813C-DB7DF713B374}.Debug|iPhone.ActiveCfg = Debug|Any CPU
		{FCD32F0D-DA92-45D9-813C-DB7DF713B374}.Debug|iPhone.Build.0 = Debug|Any CPU
		{FCD32F0D-DA92-45D9-813C-DB7DF713B374}.Debug|iPhoneSimulator.ActiveCfg = Debug|Any CPU
		{FCD32F0D-DA92-45D9-813C-DB7DF713B374}.Debug|iPhoneSimulator.Build.0 = Debug|Any CPU
		{FCD32F0D-DA92-45D9-813C-DB7DF713B374}.Debug|x64.ActiveCfg = Debug|Any CPU
		{FCD32F0D-DA92-45D9-813C-DB7DF713B374}.Debug|x64.Build.0 = Debug|Any CPU
		{FCD32F0D-DA92-45D9-813C-DB7DF713B374}.Debug|x86.ActiveCfg = Debug|Any CPU
		{FCD32F0D-DA92-45D9-813C-DB7DF713B374}.Debug|x86.Build.0 = Debug|Any CPU
		{FCD32F0D-DA92-45D9-813C-DB7DF713B374}.Release|Any CPU.ActiveCfg = Release|Any CPU
		{FCD32F0D-DA92-45D9-813C-DB7DF713B374}.Release|Any CPU.Build.0 = Release|Any CPU
		{FCD32F0D-DA92-45D9-813C-DB7DF713B374}.Release|ARM.ActiveCfg = Release|Any CPU
		{FCD32F0D-DA92-45D9-813C-DB7DF713B374}.Release|ARM.Build.0 = Release|Any CPU
		{FCD32F0D-DA92-45D9-813C-DB7DF713B374}.Release|iPhone.ActiveCfg = Release|Any CPU
		{FCD32F0D-DA92-45D9-813C-DB7DF713B374}.Release|iPhone.Build.0 = Release|Any CPU
		{FCD32F0D-DA92-45D9-813C-DB7DF713B374}.Release|iPhoneSimulator.ActiveCfg = Release|Any CPU
		{FCD32F0D-DA92-45D9-813C-DB7DF713B374}.Release|iPhoneSimulator.Build.0 = Release|Any CPU
		{FCD32F0D-DA92-45D9-813C-DB7DF713B374}.Release|x64.ActiveCfg = Release|Any CPU
		{FCD32F0D-DA92-45D9-813C-DB7DF713B374}.Release|x64.Build.0 = Release|Any CPU
		{FCD32F0D-DA92-45D9-813C-DB7DF713B374}.Release|x86.ActiveCfg = Release|Any CPU
		{FCD32F0D-DA92-45D9-813C-DB7DF713B374}.Release|x86.Build.0 = Release|Any CPU
		{6E8D9DBD-92A4-4DFD-8A63-37AB28459973}.Debug|Any CPU.ActiveCfg = Debug|Any CPU
		{6E8D9DBD-92A4-4DFD-8A63-37AB28459973}.Debug|Any CPU.Build.0 = Debug|Any CPU
		{6E8D9DBD-92A4-4DFD-8A63-37AB28459973}.Debug|ARM.ActiveCfg = Debug|Any CPU
		{6E8D9DBD-92A4-4DFD-8A63-37AB28459973}.Debug|ARM.Build.0 = Debug|Any CPU
		{6E8D9DBD-92A4-4DFD-8A63-37AB28459973}.Debug|iPhone.ActiveCfg = Debug|Any CPU
		{6E8D9DBD-92A4-4DFD-8A63-37AB28459973}.Debug|iPhone.Build.0 = Debug|Any CPU
		{6E8D9DBD-92A4-4DFD-8A63-37AB28459973}.Debug|iPhoneSimulator.ActiveCfg = Debug|Any CPU
		{6E8D9DBD-92A4-4DFD-8A63-37AB28459973}.Debug|iPhoneSimulator.Build.0 = Debug|Any CPU
		{6E8D9DBD-92A4-4DFD-8A63-37AB28459973}.Debug|x64.ActiveCfg = Debug|Any CPU
		{6E8D9DBD-92A4-4DFD-8A63-37AB28459973}.Debug|x64.Build.0 = Debug|Any CPU
		{6E8D9DBD-92A4-4DFD-8A63-37AB28459973}.Debug|x86.ActiveCfg = Debug|Any CPU
		{6E8D9DBD-92A4-4DFD-8A63-37AB28459973}.Debug|x86.Build.0 = Debug|Any CPU
		{6E8D9DBD-92A4-4DFD-8A63-37AB28459973}.Release|Any CPU.ActiveCfg = Release|Any CPU
		{6E8D9DBD-92A4-4DFD-8A63-37AB28459973}.Release|Any CPU.Build.0 = Release|Any CPU
		{6E8D9DBD-92A4-4DFD-8A63-37AB28459973}.Release|ARM.ActiveCfg = Release|Any CPU
		{6E8D9DBD-92A4-4DFD-8A63-37AB28459973}.Release|ARM.Build.0 = Release|Any CPU
		{6E8D9DBD-92A4-4DFD-8A63-37AB28459973}.Release|iPhone.ActiveCfg = Release|Any CPU
		{6E8D9DBD-92A4-4DFD-8A63-37AB28459973}.Release|iPhone.Build.0 = Release|Any CPU
		{6E8D9DBD-92A4-4DFD-8A63-37AB28459973}.Release|iPhoneSimulator.ActiveCfg = Release|Any CPU
		{6E8D9DBD-92A4-4DFD-8A63-37AB28459973}.Release|iPhoneSimulator.Build.0 = Release|Any CPU
		{6E8D9DBD-92A4-4DFD-8A63-37AB28459973}.Release|x64.ActiveCfg = Release|Any CPU
		{6E8D9DBD-92A4-4DFD-8A63-37AB28459973}.Release|x64.Build.0 = Release|Any CPU
		{6E8D9DBD-92A4-4DFD-8A63-37AB28459973}.Release|x86.ActiveCfg = Release|Any CPU
		{6E8D9DBD-92A4-4DFD-8A63-37AB28459973}.Release|x86.Build.0 = Release|Any CPU
		{79BD9CA7-1CA8-4F82-9F3F-A83DA87E39B5}.Debug|Any CPU.ActiveCfg = Debug|Any CPU
		{79BD9CA7-1CA8-4F82-9F3F-A83DA87E39B5}.Debug|Any CPU.Build.0 = Debug|Any CPU
		{79BD9CA7-1CA8-4F82-9F3F-A83DA87E39B5}.Debug|ARM.ActiveCfg = Debug|Any CPU
		{79BD9CA7-1CA8-4F82-9F3F-A83DA87E39B5}.Debug|ARM.Build.0 = Debug|Any CPU
		{79BD9CA7-1CA8-4F82-9F3F-A83DA87E39B5}.Debug|iPhone.ActiveCfg = Debug|Any CPU
		{79BD9CA7-1CA8-4F82-9F3F-A83DA87E39B5}.Debug|iPhone.Build.0 = Debug|Any CPU
		{79BD9CA7-1CA8-4F82-9F3F-A83DA87E39B5}.Debug|iPhoneSimulator.ActiveCfg = Debug|Any CPU
		{79BD9CA7-1CA8-4F82-9F3F-A83DA87E39B5}.Debug|iPhoneSimulator.Build.0 = Debug|Any CPU
		{79BD9CA7-1CA8-4F82-9F3F-A83DA87E39B5}.Debug|x64.ActiveCfg = Debug|Any CPU
		{79BD9CA7-1CA8-4F82-9F3F-A83DA87E39B5}.Debug|x64.Build.0 = Debug|Any CPU
		{79BD9CA7-1CA8-4F82-9F3F-A83DA87E39B5}.Debug|x86.ActiveCfg = Debug|Any CPU
		{79BD9CA7-1CA8-4F82-9F3F-A83DA87E39B5}.Debug|x86.Build.0 = Debug|Any CPU
		{79BD9CA7-1CA8-4F82-9F3F-A83DA87E39B5}.Release|Any CPU.ActiveCfg = Release|Any CPU
		{79BD9CA7-1CA8-4F82-9F3F-A83DA87E39B5}.Release|Any CPU.Build.0 = Release|Any CPU
		{79BD9CA7-1CA8-4F82-9F3F-A83DA87E39B5}.Release|ARM.ActiveCfg = Release|Any CPU
		{79BD9CA7-1CA8-4F82-9F3F-A83DA87E39B5}.Release|ARM.Build.0 = Release|Any CPU
		{79BD9CA7-1CA8-4F82-9F3F-A83DA87E39B5}.Release|iPhone.ActiveCfg = Release|Any CPU
		{79BD9CA7-1CA8-4F82-9F3F-A83DA87E39B5}.Release|iPhone.Build.0 = Release|Any CPU
		{79BD9CA7-1CA8-4F82-9F3F-A83DA87E39B5}.Release|iPhoneSimulator.ActiveCfg = Release|Any CPU
		{79BD9CA7-1CA8-4F82-9F3F-A83DA87E39B5}.Release|iPhoneSimulator.Build.0 = Release|Any CPU
		{79BD9CA7-1CA8-4F82-9F3F-A83DA87E39B5}.Release|x64.ActiveCfg = Release|Any CPU
		{79BD9CA7-1CA8-4F82-9F3F-A83DA87E39B5}.Release|x64.Build.0 = Release|Any CPU
		{79BD9CA7-1CA8-4F82-9F3F-A83DA87E39B5}.Release|x86.ActiveCfg = Release|Any CPU
		{79BD9CA7-1CA8-4F82-9F3F-A83DA87E39B5}.Release|x86.Build.0 = Release|Any CPU
		{59E8255F-612F-47C4-A890-51A9F1686A20}.Debug|Any CPU.ActiveCfg = Debug|Any CPU
		{59E8255F-612F-47C4-A890-51A9F1686A20}.Debug|Any CPU.Build.0 = Debug|Any CPU
		{59E8255F-612F-47C4-A890-51A9F1686A20}.Debug|ARM.ActiveCfg = Debug|Any CPU
		{59E8255F-612F-47C4-A890-51A9F1686A20}.Debug|ARM.Build.0 = Debug|Any CPU
		{59E8255F-612F-47C4-A890-51A9F1686A20}.Debug|iPhone.ActiveCfg = Debug|Any CPU
		{59E8255F-612F-47C4-A890-51A9F1686A20}.Debug|iPhone.Build.0 = Debug|Any CPU
		{59E8255F-612F-47C4-A890-51A9F1686A20}.Debug|iPhoneSimulator.ActiveCfg = Debug|Any CPU
		{59E8255F-612F-47C4-A890-51A9F1686A20}.Debug|iPhoneSimulator.Build.0 = Debug|Any CPU
		{59E8255F-612F-47C4-A890-51A9F1686A20}.Debug|x64.ActiveCfg = Debug|Any CPU
		{59E8255F-612F-47C4-A890-51A9F1686A20}.Debug|x64.Build.0 = Debug|Any CPU
		{59E8255F-612F-47C4-A890-51A9F1686A20}.Debug|x86.ActiveCfg = Debug|Any CPU
		{59E8255F-612F-47C4-A890-51A9F1686A20}.Debug|x86.Build.0 = Debug|Any CPU
		{59E8255F-612F-47C4-A890-51A9F1686A20}.Release|Any CPU.ActiveCfg = Release|Any CPU
		{59E8255F-612F-47C4-A890-51A9F1686A20}.Release|Any CPU.Build.0 = Release|Any CPU
		{59E8255F-612F-47C4-A890-51A9F1686A20}.Release|ARM.ActiveCfg = Release|Any CPU
		{59E8255F-612F-47C4-A890-51A9F1686A20}.Release|ARM.Build.0 = Release|Any CPU
		{59E8255F-612F-47C4-A890-51A9F1686A20}.Release|iPhone.ActiveCfg = Release|Any CPU
		{59E8255F-612F-47C4-A890-51A9F1686A20}.Release|iPhone.Build.0 = Release|Any CPU
		{59E8255F-612F-47C4-A890-51A9F1686A20}.Release|iPhoneSimulator.ActiveCfg = Release|Any CPU
		{59E8255F-612F-47C4-A890-51A9F1686A20}.Release|iPhoneSimulator.Build.0 = Release|Any CPU
		{59E8255F-612F-47C4-A890-51A9F1686A20}.Release|x64.ActiveCfg = Release|Any CPU
		{59E8255F-612F-47C4-A890-51A9F1686A20}.Release|x64.Build.0 = Release|Any CPU
		{59E8255F-612F-47C4-A890-51A9F1686A20}.Release|x86.ActiveCfg = Release|Any CPU
		{59E8255F-612F-47C4-A890-51A9F1686A20}.Release|x86.Build.0 = Release|Any CPU
		{A22BCBD8-1476-4D7F-9FE5-7053E18AB650}.Debug|Any CPU.ActiveCfg = Debug|x86
		{A22BCBD8-1476-4D7F-9FE5-7053E18AB650}.Debug|ARM.ActiveCfg = Debug|ARM
		{A22BCBD8-1476-4D7F-9FE5-7053E18AB650}.Debug|ARM.Build.0 = Debug|ARM
		{A22BCBD8-1476-4D7F-9FE5-7053E18AB650}.Debug|ARM.Deploy.0 = Debug|ARM
		{A22BCBD8-1476-4D7F-9FE5-7053E18AB650}.Debug|iPhone.ActiveCfg = Debug|x86
		{A22BCBD8-1476-4D7F-9FE5-7053E18AB650}.Debug|iPhoneSimulator.ActiveCfg = Debug|x86
		{A22BCBD8-1476-4D7F-9FE5-7053E18AB650}.Debug|x64.ActiveCfg = Debug|x64
		{A22BCBD8-1476-4D7F-9FE5-7053E18AB650}.Debug|x64.Build.0 = Debug|x64
		{A22BCBD8-1476-4D7F-9FE5-7053E18AB650}.Debug|x64.Deploy.0 = Debug|x64
		{A22BCBD8-1476-4D7F-9FE5-7053E18AB650}.Debug|x86.ActiveCfg = Debug|x86
		{A22BCBD8-1476-4D7F-9FE5-7053E18AB650}.Debug|x86.Build.0 = Debug|x86
		{A22BCBD8-1476-4D7F-9FE5-7053E18AB650}.Debug|x86.Deploy.0 = Debug|x86
		{A22BCBD8-1476-4D7F-9FE5-7053E18AB650}.Release|Any CPU.ActiveCfg = Release|x86
		{A22BCBD8-1476-4D7F-9FE5-7053E18AB650}.Release|ARM.ActiveCfg = Release|ARM
		{A22BCBD8-1476-4D7F-9FE5-7053E18AB650}.Release|ARM.Build.0 = Release|ARM
		{A22BCBD8-1476-4D7F-9FE5-7053E18AB650}.Release|ARM.Deploy.0 = Release|ARM
		{A22BCBD8-1476-4D7F-9FE5-7053E18AB650}.Release|iPhone.ActiveCfg = Release|x86
		{A22BCBD8-1476-4D7F-9FE5-7053E18AB650}.Release|iPhoneSimulator.ActiveCfg = Release|x86
		{A22BCBD8-1476-4D7F-9FE5-7053E18AB650}.Release|x64.ActiveCfg = Release|x64
		{A22BCBD8-1476-4D7F-9FE5-7053E18AB650}.Release|x64.Build.0 = Release|x64
		{A22BCBD8-1476-4D7F-9FE5-7053E18AB650}.Release|x64.Deploy.0 = Release|x64
		{A22BCBD8-1476-4D7F-9FE5-7053E18AB650}.Release|x86.ActiveCfg = Release|x86
		{A22BCBD8-1476-4D7F-9FE5-7053E18AB650}.Release|x86.Build.0 = Release|x86
		{A22BCBD8-1476-4D7F-9FE5-7053E18AB650}.Release|x86.Deploy.0 = Release|x86
		{C95EABD3-F5A2-47B7-9F60-35D4D9126886}.Debug|Any CPU.ActiveCfg = Debug|Any CPU
		{C95EABD3-F5A2-47B7-9F60-35D4D9126886}.Debug|Any CPU.Build.0 = Debug|Any CPU
		{C95EABD3-F5A2-47B7-9F60-35D4D9126886}.Debug|Any CPU.Deploy.0 = Debug|Any CPU
		{C95EABD3-F5A2-47B7-9F60-35D4D9126886}.Debug|ARM.ActiveCfg = Debug|Any CPU
		{C95EABD3-F5A2-47B7-9F60-35D4D9126886}.Debug|ARM.Build.0 = Debug|Any CPU
		{C95EABD3-F5A2-47B7-9F60-35D4D9126886}.Debug|ARM.Deploy.0 = Debug|Any CPU
		{C95EABD3-F5A2-47B7-9F60-35D4D9126886}.Debug|iPhone.ActiveCfg = Debug|Any CPU
		{C95EABD3-F5A2-47B7-9F60-35D4D9126886}.Debug|iPhone.Build.0 = Debug|Any CPU
		{C95EABD3-F5A2-47B7-9F60-35D4D9126886}.Debug|iPhone.Deploy.0 = Debug|Any CPU
		{C95EABD3-F5A2-47B7-9F60-35D4D9126886}.Debug|iPhoneSimulator.ActiveCfg = Debug|Any CPU
		{C95EABD3-F5A2-47B7-9F60-35D4D9126886}.Debug|iPhoneSimulator.Build.0 = Debug|Any CPU
		{C95EABD3-F5A2-47B7-9F60-35D4D9126886}.Debug|iPhoneSimulator.Deploy.0 = Debug|Any CPU
		{C95EABD3-F5A2-47B7-9F60-35D4D9126886}.Debug|x64.ActiveCfg = Debug|Any CPU
		{C95EABD3-F5A2-47B7-9F60-35D4D9126886}.Debug|x64.Build.0 = Debug|Any CPU
		{C95EABD3-F5A2-47B7-9F60-35D4D9126886}.Debug|x64.Deploy.0 = Debug|Any CPU
		{C95EABD3-F5A2-47B7-9F60-35D4D9126886}.Debug|x86.ActiveCfg = Debug|Any CPU
		{C95EABD3-F5A2-47B7-9F60-35D4D9126886}.Debug|x86.Build.0 = Debug|Any CPU
		{C95EABD3-F5A2-47B7-9F60-35D4D9126886}.Debug|x86.Deploy.0 = Debug|Any CPU
		{C95EABD3-F5A2-47B7-9F60-35D4D9126886}.Release|Any CPU.ActiveCfg = Release|Any CPU
		{C95EABD3-F5A2-47B7-9F60-35D4D9126886}.Release|Any CPU.Build.0 = Release|Any CPU
		{C95EABD3-F5A2-47B7-9F60-35D4D9126886}.Release|Any CPU.Deploy.0 = Release|Any CPU
		{C95EABD3-F5A2-47B7-9F60-35D4D9126886}.Release|ARM.ActiveCfg = Release|Any CPU
		{C95EABD3-F5A2-47B7-9F60-35D4D9126886}.Release|ARM.Build.0 = Release|Any CPU
		{C95EABD3-F5A2-47B7-9F60-35D4D9126886}.Release|ARM.Deploy.0 = Release|Any CPU
		{C95EABD3-F5A2-47B7-9F60-35D4D9126886}.Release|iPhone.ActiveCfg = Release|Any CPU
		{C95EABD3-F5A2-47B7-9F60-35D4D9126886}.Release|iPhone.Build.0 = Release|Any CPU
		{C95EABD3-F5A2-47B7-9F60-35D4D9126886}.Release|iPhone.Deploy.0 = Release|Any CPU
		{C95EABD3-F5A2-47B7-9F60-35D4D9126886}.Release|iPhoneSimulator.ActiveCfg = Release|Any CPU
		{C95EABD3-F5A2-47B7-9F60-35D4D9126886}.Release|iPhoneSimulator.Build.0 = Release|Any CPU
		{C95EABD3-F5A2-47B7-9F60-35D4D9126886}.Release|iPhoneSimulator.Deploy.0 = Release|Any CPU
		{C95EABD3-F5A2-47B7-9F60-35D4D9126886}.Release|x64.ActiveCfg = Release|Any CPU
		{C95EABD3-F5A2-47B7-9F60-35D4D9126886}.Release|x64.Build.0 = Release|Any CPU
		{C95EABD3-F5A2-47B7-9F60-35D4D9126886}.Release|x64.Deploy.0 = Release|Any CPU
		{C95EABD3-F5A2-47B7-9F60-35D4D9126886}.Release|x86.ActiveCfg = Release|Any CPU
		{C95EABD3-F5A2-47B7-9F60-35D4D9126886}.Release|x86.Build.0 = Release|Any CPU
		{C95EABD3-F5A2-47B7-9F60-35D4D9126886}.Release|x86.Deploy.0 = Release|Any CPU
		{86515E3C-BA36-46B1-9D9C-44BC984BA809}.Debug|Any CPU.ActiveCfg = Debug|iPhoneSimulator
		{86515E3C-BA36-46B1-9D9C-44BC984BA809}.Debug|ARM.ActiveCfg = Debug|iPhoneSimulator
		{86515E3C-BA36-46B1-9D9C-44BC984BA809}.Debug|iPhone.ActiveCfg = Debug|iPhone
		{86515E3C-BA36-46B1-9D9C-44BC984BA809}.Debug|iPhone.Build.0 = Debug|iPhone
		{86515E3C-BA36-46B1-9D9C-44BC984BA809}.Debug|iPhoneSimulator.ActiveCfg = Debug|iPhoneSimulator
		{86515E3C-BA36-46B1-9D9C-44BC984BA809}.Debug|iPhoneSimulator.Build.0 = Debug|iPhoneSimulator
		{86515E3C-BA36-46B1-9D9C-44BC984BA809}.Debug|x64.ActiveCfg = Debug|iPhoneSimulator
		{86515E3C-BA36-46B1-9D9C-44BC984BA809}.Debug|x86.ActiveCfg = Debug|iPhoneSimulator
		{86515E3C-BA36-46B1-9D9C-44BC984BA809}.Release|Any CPU.ActiveCfg = Release|iPhoneSimulator
		{86515E3C-BA36-46B1-9D9C-44BC984BA809}.Release|ARM.ActiveCfg = Release|iPhoneSimulator
		{86515E3C-BA36-46B1-9D9C-44BC984BA809}.Release|iPhone.ActiveCfg = Release|iPhone
		{86515E3C-BA36-46B1-9D9C-44BC984BA809}.Release|iPhone.Build.0 = Release|iPhone
		{86515E3C-BA36-46B1-9D9C-44BC984BA809}.Release|iPhoneSimulator.ActiveCfg = Release|iPhoneSimulator
		{86515E3C-BA36-46B1-9D9C-44BC984BA809}.Release|iPhoneSimulator.Build.0 = Release|iPhoneSimulator
		{86515E3C-BA36-46B1-9D9C-44BC984BA809}.Release|x64.ActiveCfg = Release|iPhoneSimulator
		{86515E3C-BA36-46B1-9D9C-44BC984BA809}.Release|x86.ActiveCfg = Release|iPhoneSimulator
		{DF673C3E-0841-49CC-BE31-8743F4EFBFC6}.Debug|Any CPU.ActiveCfg = Debug|Any CPU
		{DF673C3E-0841-49CC-BE31-8743F4EFBFC6}.Debug|Any CPU.Build.0 = Debug|Any CPU
		{DF673C3E-0841-49CC-BE31-8743F4EFBFC6}.Debug|ARM.ActiveCfg = Debug|Any CPU
		{DF673C3E-0841-49CC-BE31-8743F4EFBFC6}.Debug|ARM.Build.0 = Debug|Any CPU
		{DF673C3E-0841-49CC-BE31-8743F4EFBFC6}.Debug|iPhone.ActiveCfg = Debug|Any CPU
		{DF673C3E-0841-49CC-BE31-8743F4EFBFC6}.Debug|iPhone.Build.0 = Debug|Any CPU
		{DF673C3E-0841-49CC-BE31-8743F4EFBFC6}.Debug|iPhoneSimulator.ActiveCfg = Debug|Any CPU
		{DF673C3E-0841-49CC-BE31-8743F4EFBFC6}.Debug|iPhoneSimulator.Build.0 = Debug|Any CPU
		{DF673C3E-0841-49CC-BE31-8743F4EFBFC6}.Debug|x64.ActiveCfg = Debug|Any CPU
		{DF673C3E-0841-49CC-BE31-8743F4EFBFC6}.Debug|x64.Build.0 = Debug|Any CPU
		{DF673C3E-0841-49CC-BE31-8743F4EFBFC6}.Debug|x86.ActiveCfg = Debug|Any CPU
		{DF673C3E-0841-49CC-BE31-8743F4EFBFC6}.Debug|x86.Build.0 = Debug|Any CPU
		{DF673C3E-0841-49CC-BE31-8743F4EFBFC6}.Release|Any CPU.ActiveCfg = Release|Any CPU
		{DF673C3E-0841-49CC-BE31-8743F4EFBFC6}.Release|Any CPU.Build.0 = Release|Any CPU
		{DF673C3E-0841-49CC-BE31-8743F4EFBFC6}.Release|ARM.ActiveCfg = Release|Any CPU
		{DF673C3E-0841-49CC-BE31-8743F4EFBFC6}.Release|ARM.Build.0 = Release|Any CPU
		{DF673C3E-0841-49CC-BE31-8743F4EFBFC6}.Release|iPhone.ActiveCfg = Release|Any CPU
		{DF673C3E-0841-49CC-BE31-8743F4EFBFC6}.Release|iPhone.Build.0 = Release|Any CPU
		{DF673C3E-0841-49CC-BE31-8743F4EFBFC6}.Release|iPhoneSimulator.ActiveCfg = Release|Any CPU
		{DF673C3E-0841-49CC-BE31-8743F4EFBFC6}.Release|iPhoneSimulator.Build.0 = Release|Any CPU
		{DF673C3E-0841-49CC-BE31-8743F4EFBFC6}.Release|x64.ActiveCfg = Release|Any CPU
		{DF673C3E-0841-49CC-BE31-8743F4EFBFC6}.Release|x64.Build.0 = Release|Any CPU
		{DF673C3E-0841-49CC-BE31-8743F4EFBFC6}.Release|x86.ActiveCfg = Release|Any CPU
		{DF673C3E-0841-49CC-BE31-8743F4EFBFC6}.Release|x86.Build.0 = Release|Any CPU
	EndGlobalSection
	GlobalSection(SolutionProperties) = preSolution
		HideSolutionNode = FALSE
	EndGlobalSection
	GlobalSection(NestedProjects) = preSolution
		{3F2726FF-9B8E-47DF-8043-90427FE09F57} = {08EDDADF-2AB7-4133-9C32-90C04BAF0571}
		{D1AE4A90-2B6A-4C67-8C7A-7DBF8CB1B98F} = {08EDDADF-2AB7-4133-9C32-90C04BAF0571}
		{1541644A-0DAD-4098-AD42-109949BD90D7} = {08EDDADF-2AB7-4133-9C32-90C04BAF0571}
		{343D857C-FC8F-40AB-ACEC-F30E13E54B72} = {08EDDADF-2AB7-4133-9C32-90C04BAF0571}
		{FCD32F0D-DA92-45D9-813C-DB7DF713B374} = {08EDDADF-2AB7-4133-9C32-90C04BAF0571}
		{6E8D9DBD-92A4-4DFD-8A63-37AB28459973} = {08EDDADF-2AB7-4133-9C32-90C04BAF0571}
		{79BD9CA7-1CA8-4F82-9F3F-A83DA87E39B5} = {D6F09ADA-7EC8-4A93-A491-F4E10BFE491A}
		{59E8255F-612F-47C4-A890-51A9F1686A20} = {D6F09ADA-7EC8-4A93-A491-F4E10BFE491A}
		{1BA640C1-56A7-4F14-A2F3-F7827B1EA037} = {08EDDADF-2AB7-4133-9C32-90C04BAF0571}
		{A22BCBD8-1476-4D7F-9FE5-7053E18AB650} = {1BA640C1-56A7-4F14-A2F3-F7827B1EA037}
		{C95EABD3-F5A2-47B7-9F60-35D4D9126886} = {1BA640C1-56A7-4F14-A2F3-F7827B1EA037}
		{86515E3C-BA36-46B1-9D9C-44BC984BA809} = {1BA640C1-56A7-4F14-A2F3-F7827B1EA037}
		{DF673C3E-0841-49CC-BE31-8743F4EFBFC6} = {1BA640C1-56A7-4F14-A2F3-F7827B1EA037}
	EndGlobalSection
	GlobalSection(ExtensibilityGlobals) = postSolution
		SolutionGuid = {A9F7A209-2190-4C6D-8E10-5ACCCB9A7777}
	EndGlobalSection
EndGlobal
